
Microsoft Visual Studio Solution File, Format Version 12.00
# Visual Studio Version 16
VisualStudioVersion = 25.0.1706.9
MinimumVisualStudioVersion = 10.0.40219.1
Project("{FAE04EC0-301F-11D3-BF4B-00C04F79EFBC}") = "AnalyticsBug", "AnalyticsBug.csproj", "{89B5939D-7EA6-4435-8EB0-AA7CB39AF9DB}"
EndProject
Global
	GlobalSection(SolutionConfigurationPlatforms) = preSolution
		Debug|Any CPU = Debug|Any CPU
		Release|Any CPU = Release|Any CPU
	EndGlobalSection
	GlobalSection(ProjectConfigurationPlatforms) = postSolution
		{89B5939D-7EA6-4435-8EB0-AA7CB39AF9DB}.Debug|Any CPU.ActiveCfg = Debug|Any CPU
		{89B5939D-7EA6-4435-8EB0-AA7CB39AF9DB}.Debug|Any CPU.Build.0 = Debug|Any CPU
		{89B5939D-7EA6-4435-8EB0-AA7CB39AF9DB}.Release|Any CPU.ActiveCfg = Release|Any CPU
		{89B5939D-7EA6-4435-8EB0-AA7CB39AF9DB}.Release|Any CPU.Build.0 = Release|Any CPU
	EndGlobalSection
	GlobalSection(SolutionProperties) = preSolution
		HideSolutionNode = FALSE
	EndGlobalSection
	GlobalSection(ExtensibilityGlobals) = postSolution
		SolutionGuid = {F6242E94-C5D5-4986-A9BC-20C2BB24AA0F}
	EndGlobalSection
EndGlobal
